// !$*UTF8*$!
{
	archiveVersion = 1;
	classes = {
	};
	objectVersion = 56;
	objects = {

/* Begin PBXBuildFile section */
		57D06733298DC80D00B6D7CB /* AppDelegate.swift in Sources */ = {isa = PBXBuildFile; fileRef = 57D06732298DC80D00B6D7CB /* AppDelegate.swift */; };
		57D06735298DC80D00B6D7CB /* SceneDelegate.swift in Sources */ = {isa = PBXBuildFile; fileRef = 57D06734298DC80D00B6D7CB /* SceneDelegate.swift */; };
		57D06737298DC80D00B6D7CB /* MainController.swift in Sources */ = {isa = PBXBuildFile; fileRef = 57D06736298DC80D00B6D7CB /* MainController.swift */; };
		57D0673C298DC80E00B6D7CB /* Assets.xcassets in Resources */ = {isa = PBXBuildFile; fileRef = 57D0673B298DC80E00B6D7CB /* Assets.xcassets */; };
		57D0673F298DC80E00B6D7CB /* LaunchScreen.storyboard in Resources */ = {isa = PBXBuildFile; fileRef = 57D0673D298DC80E00B6D7CB /* LaunchScreen.storyboard */; };
		57D0674B298DC90600B6D7CB /* Extensions.swift in Sources */ = {isa = PBXBuildFile; fileRef = 57D0674A298DC90600B6D7CB /* Extensions.swift */; };
		57D0674D298DCB7700B6D7CB /* Service.swift in Sources */ = {isa = PBXBuildFile; fileRef = 57D0674C298DCB7700B6D7CB /* Service.swift */; };
		57D0674F298DCD3300B6D7CB /* List.swift in Sources */ = {isa = PBXBuildFile; fileRef = 57D0674E298DCD3300B6D7CB /* List.swift */; };
		57D06751298DCE4400B6D7CB /* Item.swift in Sources */ = {isa = PBXBuildFile; fileRef = 57D06750298DCE4400B6D7CB /* Item.swift */; };
		57D06753298DDF4D00B6D7CB /* ItemCell.swift in Sources */ = {isa = PBXBuildFile; fileRef = 57D06752298DDF4D00B6D7CB /* ItemCell.swift */; };
/* End PBXBuildFile section */

/* Begin PBXFileReference section */
		57D0672F298DC80D00B6D7CB /* FetchInterview.app */ = {isa = PBXFileReference; explicitFileType = wrapper.application; includeInIndex = 0; path = FetchInterview.app; sourceTree = BUILT_PRODUCTS_DIR; };
		57D06732298DC80D00B6D7CB /* AppDelegate.swift */ = {isa = PBXFileReference; lastKnownFileType = sourcecode.swift; path = AppDelegate.swift; sourceTree = "<group>"; };
		57D06734298DC80D00B6D7CB /* SceneDelegate.swift */ = {isa = PBXFileReference; lastKnownFileType = sourcecode.swift; path = SceneDelegate.swift; sourceTree = "<group>"; };
		57D06736298DC80D00B6D7CB /* MainController.swift */ = {isa = PBXFileReference; lastKnownFileType = sourcecode.swift; path = MainController.swift; sourceTree = "<group>"; };
		57D0673B298DC80E00B6D7CB /* Assets.xcassets */ = {isa = PBXFileReference; lastKnownFileType = folder.assetcatalog; path = Assets.xcassets; sourceTree = "<group>"; };
		57D0673E298DC80E00B6D7CB /* Base */ = {isa = PBXFileReference; lastKnownFileType = file.storyboard; name = Base; path = Base.lproj/LaunchScreen.storyboard; sourceTree = "<group>"; };
		57D06740298DC80E00B6D7CB /* Info.plist */ = {isa = PBXFileReference; lastKnownFileType = text.plist.xml; path = Info.plist; sourceTree = "<group>"; };
		57D0674A298DC90600B6D7CB /* Extensions.swift */ = {isa = PBXFileReference; lastKnownFileType = sourcecode.swift; path = Extensions.swift; sourceTree = "<group>"; };
		57D0674C298DCB7700B6D7CB /* Service.swift */ = {isa = PBXFileReference; lastKnownFileType = sourcecode.swift; path = Service.swift; sourceTree = "<group>"; };
		57D0674E298DCD3300B6D7CB /* List.swift */ = {isa = PBXFileReference; lastKnownFileType = sourcecode.swift; path = List.swift; sourceTree = "<group>"; };
		57D06750298DCE4400B6D7CB /* Item.swift */ = {isa = PBXFileReference; lastKnownFileType = sourcecode.swift; path = Item.swift; sourceTree = "<group>"; };
		57D06752298DDF4D00B6D7CB /* ItemCell.swift */ = {isa = PBXFileReference; lastKnownFileType = sourcecode.swift; path = ItemCell.swift; sourceTree = "<group>"; };
/* End PBXFileReference section */

/* Begin PBXFrameworksBuildPhase section */
		57D0672C298DC80D00B6D7CB /* Frameworks */ = {
			isa = PBXFrameworksBuildPhase;
			buildActionMask = 2147483647;
			files = (
			);
			runOnlyForDeploymentPostprocessing = 0;
		};
/* End PBXFrameworksBuildPhase section */

/* Begin PBXGroup section */
		57D06726298DC80D00B6D7CB = {
			isa = PBXGroup;
			children = (
				57D06731298DC80D00B6D7CB /* FetchInterview */,
				57D06730298DC80D00B6D7CB /* Products */,
			);
			sourceTree = "<group>";
		};
		57D06730298DC80D00B6D7CB /* Products */ = {
			isa = PBXGroup;
			children = (
				57D0672F298DC80D00B6D7CB /* FetchInterview.app */,
			);
			name = Products;
			sourceTree = "<group>";
		};
		57D06731298DC80D00B6D7CB /* FetchInterview */ = {
			isa = PBXGroup;
			children = (
				57D06732298DC80D00B6D7CB /* AppDelegate.swift */,
				57D06734298DC80D00B6D7CB /* SceneDelegate.swift */,
				57D0674A298DC90600B6D7CB /* Extensions.swift */,
				57D06749298DC87600B6D7CB /* Service */,
				57D06748298DC87000B6D7CB /* Model */,
				57D06747298DC86A00B6D7CB /* View */,
				57D06746298DC86000B6D7CB /* Controller */,
				57D0673B298DC80E00B6D7CB /* Assets.xcassets */,
				57D0673D298DC80E00B6D7CB /* LaunchScreen.storyboard */,
				57D06740298DC80E00B6D7CB /* Info.plist */,
			);
			path = FetchInterview;
			sourceTree = "<group>";
		};
		57D06746298DC86000B6D7CB /* Controller */ = {
			isa = PBXGroup;
			children = (
				57D06736298DC80D00B6D7CB /* MainController.swift */,
			);
			path = Controller;
			sourceTree = "<group>";
		};
		57D06747298DC86A00B6D7CB /* View */ = {
			isa = PBXGroup;
			children = (
				57D06752298DDF4D00B6D7CB /* ItemCell.swift */,
			);
			path = View;
			sourceTree = "<group>";
		};
		57D06748298DC87000B6D7CB /* Model */ = {
			isa = PBXGroup;
			children = (
				57D0674E298DCD3300B6D7CB /* List.swift */,
				57D06750298DCE4400B6D7CB /* Item.swift */,
			);
			path = Model;
			sourceTree = "<group>";
		};
		57D06749298DC87600B6D7CB /* Service */ = {
			isa = PBXGroup;
			children = (
				57D0674C298DCB7700B6D7CB /* Service.swift */,
			);
			path = Service;
			sourceTree = "<group>";
		};
/* End PBXGroup section */

/* Begin PBXNativeTarget section */
		57D0672E298DC80D00B6D7CB /* FetchInterview */ = {
			isa = PBXNativeTarget;
			buildConfigurationList = 57D06743298DC80E00B6D7CB /* Build configuration list for PBXNativeTarget "FetchInterview" */;
			buildPhases = (
				57D0672B298DC80D00B6D7CB /* Sources */,
				57D0672C298DC80D00B6D7CB /* Frameworks */,
				57D0672D298DC80D00B6D7CB /* Resources */,
			);
			buildRules = (
			);
			dependencies = (
			);
			name = FetchInterview;
			productName = FetchInterview;
			productReference = 57D0672F298DC80D00B6D7CB /* FetchInterview.app */;
			productType = "com.apple.product-type.application";
		};
/* End PBXNativeTarget section */

/* Begin PBXProject section */
		57D06727298DC80D00B6D7CB /* Project object */ = {
			isa = PBXProject;
			attributes = {
				BuildIndependentTargetsInParallel = 1;
				LastSwiftUpdateCheck = 1420;
				LastUpgradeCheck = 1420;
				TargetAttributes = {
					57D0672E298DC80D00B6D7CB = {
						CreatedOnToolsVersion = 14.2;
					};
				};
			};
			buildConfigurationList = 57D0672A298DC80D00B6D7CB /* Build configuration list for PBXProject "FetchInterview" */;
			compatibilityVersion = "Xcode 14.0";
			developmentRegion = en;
			hasScannedForEncodings = 0;
			knownRegions = (
				en,
				Base,
			);
			mainGroup = 57D06726298DC80D00B6D7CB;
			productRefGroup = 57D06730298DC80D00B6D7CB /* Products */;
			projectDirPath = "";
			projectRoot = "";
			targets = (
				57D0672E298DC80D00B6D7CB /* FetchInterview */,
			);
		};
/* End PBXProject section */

/* Begin PBXResourcesBuildPhase section */
		57D0672D298DC80D00B6D7CB /* Resources */ = {
			isa = PBXResourcesBuildPhase;
			buildActionMask = 2147483647;
			files = (
				57D0673F298DC80E00B6D7CB /* LaunchScreen.storyboard in Resources */,
				57D0673C298DC80E00B6D7CB /* Assets.xcassets in Resources */,
			);
			runOnlyForDeploymentPostprocessing = 0;
		};
/* End PBXResourcesBuildPhase section */

/* Begin PBXSourcesBuildPhase section */
		57D0672B298DC80D00B6D7CB /* Sources */ = {
			isa = PBXSourcesBuildPhase;
			buildActionMask = 2147483647;
			files = (
				57D06753298DDF4D00B6D7CB /* ItemCell.swift in Sources */,
				57D06737298DC80D00B6D7CB /* MainController.swift in Sources */,
				57D06733298DC80D00B6D7CB /* AppDelegate.swift in Sources */,
				57D0674D298DCB7700B6D7CB /* Service.swift in Sources */,
				57D0674B298DC90600B6D7CB /* Extensions.swift in Sources */,
				57D06735298DC80D00B6D7CB /* SceneDelegate.swift in Sources */,
				57D06751298DCE4400B6D7CB /* Item.swift in Sources */,
				57D0674F298DCD3300B6D7CB /* List.swift in Sources */,
			);
			runOnlyForDeploymentPostprocessing = 0;
		};
/* End PBXSourcesBuildPhase section */

/* Begin PBXVariantGroup section */
		57D0673D298DC80E00B6D7CB /* LaunchScreen.storyboard */ = {
			isa = PBXVariantGroup;
			children = (
				57D0673E298DC80E00B6D7CB /* Base */,
			);
			name = LaunchScreen.storyboard;
			sourceTree = "<group>";
		};
/* End PBXVariantGroup section */

/* Begin XCBuildConfiguration section */
		57D06741298DC80E00B6D7CB /* Debug */ = {
			isa = XCBuildConfiguration;
			buildSettings = {
				ALWAYS_SEARCH_USER_PATHS = NO;
				CLANG_ANALYZER_NONNULL = YES;
				CLANG_ANALYZER_NUMBER_OBJECT_CONVERSION = YES_AGGRESSIVE;
				CLANG_CXX_LANGUAGE_STANDARD = "gnu++20";
				CLANG_ENABLE_MODULES = YES;
				CLANG_ENABLE_OBJC_ARC = YES;
				CLANG_ENABLE_OBJC_WEAK = YES;
				CLANG_WARN_BLOCK_CAPTURE_AUTORELEASING = YES;
				CLANG_WARN_BOOL_CONVERSION = YES;
				CLANG_WARN_COMMA = YES;
				CLANG_WARN_CONSTANT_CONVERSION = YES;
				CLANG_WARN_DEPRECATED_OBJC_IMPLEMENTATIONS = YES;
				CLANG_WARN_DIRECT_OBJC_ISA_USAGE = YES_ERROR;
				CLANG_WARN_DOCUMENTATION_COMMENTS = YES;
				CLANG_WARN_EMPTY_BODY = YES;
				CLANG_WARN_ENUM_CONVERSION = YES;
				CLANG_WARN_INFINITE_RECURSION = YES;
				CLANG_WARN_INT_CONVERSION = YES;
				CLANG_WARN_NON_LITERAL_NULL_CONVERSION = YES;
				CLANG_WARN_OBJC_IMPLICIT_RETAIN_SELF = YES;
				CLANG_WARN_OBJC_LITERAL_CONVERSION = YES;
				CLANG_WARN_OBJC_ROOT_CLASS = YES_ERROR;
				CLANG_WARN_QUOTED_INCLUDE_IN_FRAMEWORK_HEADER = YES;
				CLANG_WARN_RANGE_LOOP_ANALYSIS = YES;
				CLANG_WARN_STRICT_PROTOTYPES = YES;
				CLANG_WARN_SUSPICIOUS_MOVE = YES;
				CLANG_WARN_UNGUARDED_AVAILABILITY = YES_AGGRESSIVE;
				CLANG_WARN_UNREACHABLE_CODE = YES;
				CLANG_WARN__DUPLICATE_METHOD_MATCH = YES;
				COPY_PHASE_STRIP = NO;
				DEBUG_INFORMATION_FORMAT = dwarf;
				ENABLE_STRICT_OBJC_MSGSEND = YES;
				ENABLE_TESTABILITY = YES;
				GCC_C_LANGUAGE_STANDARD = gnu11;
				GCC_DYNAMIC_NO_PIC = NO;
				GCC_NO_COMMON_BLOCKS = YES;
				GCC_OPTIMIZATION_LEVEL = 0;
				GCC_PREPROCESSOR_DEFINITIONS = (
					"DEBUG=1",
					"$(inherited)",
				);
				GCC_WARN_64_TO_32_BIT_CONVERSION = YES;
				GCC_WARN_ABOUT_RETURN_TYPE = YES_ERROR;
				GCC_WARN_UNDECLARED_SELECTOR = YES;
				GCC_WARN_UNINITIALIZED_AUTOS = YES_AGGRESSIVE;
				GCC_WARN_UNUSED_FUNCTION = YES;
				GCC_WARN_UNUSED_VARIABLE = YES;
				IPHONEOS_DEPLOYMENT_TARGET = 16.2;
				MTL_ENABLE_DEBUG_INFO = INCLUDE_SOURCE;
				MTL_FAST_MATH = YES;
				ONLY_ACTIVE_ARCH = YES;
				SDKROOT = iphoneos;
				SWIFT_ACTIVE_COMPILATION_CONDITIONS = DEBUG;
				SWIFT_OPTIMIZATION_LEVEL = "-Onone";
			};
			name = Debug;
		};
		57D06742298DC80E00B6D7CB /* Release */ = {
			isa = XCBuildConfiguration;
			buildSettings = {
				ALWAYS_SEARCH_USER_PATHS = NO;
				CLANG_ANALYZER_NONNULL = YES;
				CLANG_ANALYZER_NUMBER_OBJECT_CONVERSION = YES_AGGRESSIVE;
				CLANG_CXX_LANGUAGE_STANDARD = "gnu++20";
				CLANG_ENABLE_MODULES = YES;
				CLANG_ENABLE_OBJC_ARC = YES;
				CLANG_ENABLE_OBJC_WEAK = YES;
				CLANG_WARN_BLOCK_CAPTURE_AUTORELEASING = YES;
				CLANG_WARN_BOOL_CONVERSION = YES;
				CLANG_WARN_COMMA = YES;
				CLANG_WARN_CONSTANT_CONVERSION = YES;
				CLANG_WARN_DEPRECATED_OBJC_IMPLEMENTATIONS = YES;
				CLANG_WARN_DIRECT_OBJC_ISA_USAGE = YES_ERROR;
				CLANG_WARN_DOCUMENTATION_COMMENTS = YES;
				CLANG_WARN_EMPTY_BODY = YES;
				CLANG_WARN_ENUM_CONVERSION = YES;
				CLANG_WARN_INFINITE_RECURSION = YES;
				CLANG_WARN_INT_CONVERSION = YES;
				CLANG_WARN_NON_LITERAL_NULL_CONVERSION = YES;
				CLANG_WARN_OBJC_IMPLICIT_RETAIN_SELF = YES;
				CLANG_WARN_OBJC_LITERAL_CONVERSION = YES;
				CLANG_WARN_OBJC_ROOT_CLASS = YES_ERROR;
				CLANG_WARN_QUOTED_INCLUDE_IN_FRAMEWORK_HEADER = YES;
				CLANG_WARN_RANGE_LOOP_ANALYSIS = YES;
				CLANG_WARN_STRICT_PROTOTYPES = YES;
				CLANG_WARN_SUSPICIOUS_MOVE = YES;
				CLANG_WARN_UNGUARDED_AVAILABILITY = YES_AGGRESSIVE;
				CLANG_WARN_UNREACHABLE_CODE = YES;
				CLANG_WARN__DUPLICATE_METHOD_MATCH = YES;
				COPY_PHASE_STRIP = NO;
				DEBUG_INFORMATION_FORMAT = "dwarf-with-dsym";
				ENABLE_NS_ASSERTIONS = NO;
				ENABLE_STRICT_OBJC_MSGSEND = YES;
				GCC_C_LANGUAGE_STANDARD = gnu11;
				GCC_NO_COMMON_BLOCKS = YES;
				GCC_WARN_64_TO_32_BIT_CONVERSION = YES;
				GCC_WARN_ABOUT_RETURN_TYPE = YES_ERROR;
				GCC_WARN_UNDECLARED_SELECTOR = YES;
				GCC_WARN_UNINITIALIZED_AUTOS = YES_AGGRESSIVE;
				GCC_WARN_UNUSED_FUNCTION = YES;
				GCC_WARN_UNUSED_VARIABLE = YES;
				IPHONEOS_DEPLOYMENT_TARGET = 16.2;
				MTL_ENABLE_DEBUG_INFO = NO;
				MTL_FAST_MATH = YES;
				SDKROOT = iphoneos;
				SWIFT_COMPILATION_MODE = wholemodule;
				SWIFT_OPTIMIZATION_LEVEL = "-O";
				VALIDATE_PRODUCT = YES;
			};
			name = Release;
		};
		57D06744298DC80E00B6D7CB /* Debug */ = {
			isa = XCBuildConfiguration;
			buildSettings = {
				ASSETCATALOG_COMPILER_APPICON_NAME = AppIcon;
				ASSETCATALOG_COMPILER_GLOBAL_ACCENT_COLOR_NAME = AccentColor;
				ASSETCATALOG_COMPILER_INCLUDE_ALL_APPICON_ASSETS = NO;
				CODE_SIGN_STYLE = Automatic;
				CURRENT_PROJECT_VERSION = 1;
				DEVELOPMENT_TEAM = U4N8ZF8AH7;
				GENERATE_INFOPLIST_FILE = YES;
				INFOPLIST_FILE = FetchInterview/Info.plist;
				INFOPLIST_KEY_UIApplicationSupportsIndirectInputEvents = YES;
				INFOPLIST_KEY_UILaunchStoryboardName = LaunchScreen.storyboard;
				INFOPLIST_KEY_UIMainStoryboardFile = "";
				INFOPLIST_KEY_UISupportedInterfaceOrientations_iPad = "UIInterfaceOrientationPortrait UIInterfaceOrientationPortraitUpsideDown UIInterfaceOrientationLandscapeLeft UIInterfaceOrientationLandscapeRight";
				INFOPLIST_KEY_UISupportedInterfaceOrientations_iPhone = "UIInterfaceOrientationPortrait UIInterfaceOrientationLandscapeLeft UIInterfaceOrientationLandscapeRight";
				LD_RUNPATH_SEARCH_PATHS = (
					"$(inherited)",
					"@executable_path/Frameworks",
				);
				MARKETING_VERSION = 1.0;
				PRODUCT_BUNDLE_IDENTIFIER = com.shrey.FetchInterview;
				PRODUCT_NAME = "$(TARGET_NAME)";
				SWIFT_EMIT_LOC_STRINGS = YES;
				SWIFT_VERSION = 5.0;
				TARGETED_DEVICE_FAMILY = "1,2";
			};
			name = Debug;
		};
		57D06745298DC80E00B6D7CB /* Release */ = {
			isa = XCBuildConfiguration;
			buildSettings = {
				ASSETCATALOG_COMPILER_APPICON_NAME = AppIcon;
				ASSETCATALOG_COMPILER_GLOBAL_ACCENT_COLOR_NAME = AccentColor;
				ASSETCATALOG_COMPILER_INCLUDE_ALL_APPICON_ASSETS = NO;
				CODE_SIGN_STYLE = Automatic;
				CURRENT_PROJECT_VERSION = 1;
				DEVELOPMENT_TEAM = U4N8ZF8AH7;
				GENERATE_INFOPLIST_FILE = YES;
				INFOPLIST_FILE = FetchInterview/Info.plist;
				INFOPLIST_KEY_UIApplicationSupportsIndirectInputEvents = YES;
				INFOPLIST_KEY_UILaunchStoryboardName = LaunchScreen.storyboard;
				INFOPLIST_KEY_UIMainStoryboardFile = "";
				INFOPLIST_KEY_UISupportedInterfaceOrientations_iPad = "UIInterfaceOrientationPortrait UIInterfaceOrientationPortraitUpsideDown UIInterfaceOrientationLandscapeLeft UIInterfaceOrientationLandscapeRight";
				INFOPLIST_KEY_UISupportedInterfaceOrientations_iPhone = "UIInterfaceOrientationPortrait UIInterfaceOrientationLandscapeLeft UIInterfaceOrientationLandscapeRight";
				LD_RUNPATH_SEARCH_PATHS = (
					"$(inherited)",
					"@executable_path/Frameworks",
				);
				MARKETING_VERSION = 1.0;
				PRODUCT_BUNDLE_IDENTIFIER = com.shrey.FetchInterview;
				PRODUCT_NAME = "$(TARGET_NAME)";
				SWIFT_EMIT_LOC_STRINGS = YES;
				SWIFT_VERSION = 5.0;
				TARGETED_DEVICE_FAMILY = "1,2";
			};
			name = Release;
		};
/* End XCBuildConfiguration section */

/* Begin XCConfigurationList section */
		57D0672A298DC80D00B6D7CB /* Build configuration list for PBXProject "FetchInterview" */ = {
			isa = XCConfigurationList;
			buildConfigurations = (
				57D06741298DC80E00B6D7CB /* Debug */,
				57D06742298DC80E00B6D7CB /* Release */,
			);
			defaultConfigurationIsVisible = 0;
			defaultConfigurationName = Release;
		};
		57D06743298DC80E00B6D7CB /* Build configuration list for PBXNativeTarget "FetchInterview" */ = {
			isa = XCConfigurationList;
			buildConfigurations = (
				57D06744298DC80E00B6D7CB /* Debug */,
				57D06745298DC80E00B6D7CB /* Release */,
			);
			defaultConfigurationIsVisible = 0;
			defaultConfigurationName = Release;
		};
/* End XCConfigurationList section */
	};
	rootObject = 57D06727298DC80D00B6D7CB /* Project object */;
}
